{
  "version": 2,
  "dependencies": {
    "net10.0-windows7.0": {
      "Microsoft.AspNetCore.TestHost": {
        "type": "Direct",
        "requested": "[10.0.11, )",
        "resolved": "10.0.11",
        "contentHash": "IVGNbZVxLuL80y7cmXYfhIFoTGneHkp4D7xXarYe6V/wjo8/2qiSLUwWax1/h2eHtJ3Y5cuqmtpOyWMnXIsUMA=="
      },
      "Microsoft.NET.Test.Sdk": {
        "type": "Direct",
        "requested": "[18.8.1, )",
        "resolved": "18.8.1",
        "contentHash": "dknJL3/9Y3t4XuCBqnc0PevPxgLsUMmVhjwup/b1HNovA8zWcj3XsfIf7c6p05363DWcqL7X/YhDL9B+Zymv1w==",
        "dependencies": {
          "Microsoft.CodeCoverage": "18.8.1",
          "Microsoft.TestPlatform.TestHost": "18.8.1"
        }
      },
      "xunit.runner.visualstudio": {
        "type": "Direct",
        "requested": "[4.0.0, )",
        "resolved": "4.0.0",
        "contentHash": "kzLFyBYUnoidpGOXvpNOfIo8C92gVgVR6X8ncHwhcrDYugiOut5rrhDkr0L3cWHd7J2pKXf6LgaeXoBBDlx1ag=="
      },
      "xunit.v3": {
        "type": "Direct",
        "requested": "[3.2.2, )",
        "resolved": "3.2.2",
        "contentHash": "L+4/4y0Uqcg8/d6hfnxhnwh4j9FaeULvefTwrk30rr1o4n/vdPfyUQ8k0yzH8VJx7bmFEkDdcRfbtbjEHlaYcA==",
        "dependencies": {
          "xunit.v3.mtp-v1": "[3.2.2]"
        }
      },
      "Microsoft.ApplicationInsights": {
        "type": "Transitive",
        "resolved": "2.23.0",
        "contentHash": "nWArUZTdU7iqZLycLKWe0TDms48KKGE6pONH2terYNa8REXiqixrMOkf1sk5DHGMaUTqONU2YkS4SAXBhLStgw=="
      },
      "Microsoft.Bcl.AsyncInterfaces": {
        "type": "Transitive",
        "resolved": "6.0.0",
        "contentHash": "UcSjPsst+DfAdJGVDsu346FX0ci0ah+lw3WRtn18NUwEqRt70HaOQ7lI72vy3+1LxtqI3T5GWwV39rQSrCzAeg=="
      },
      "Microsoft.CodeCoverage": {
        "type": "Transitive",
        "resolved": "18.8.1",
        "contentHash": "Eclse/ZZjr4lmWzZFNN9h/OluhKL+SK/QbUyKUewgX139aGeyMEO/DkMPwuFs2MixvanTnz6891rF8UHDg+W4Q=="
      },
      "Microsoft.Testing.Extensions.Telemetry": {
        "type": "Transitive",
        "resolved": "1.9.1",
        "contentHash": "No5AudZMmSb+uNXjlgL2y3/stHD2IT4uxqc5yHwkE+/nNux9jbKcaJMvcp9SwgP4DVD8L9/P3OUz8mmmcvEIdQ==",
        "dependencies": {
          "Microsoft.ApplicationInsights": "2.23.0",
          "Microsoft.Testing.Platform": "1.9.1"
        }
      },
      "Microsoft.Testing.Extensions.TrxReport.Abstractions": {
        "type": "Transitive",
        "resolved": "1.9.1",
        "contentHash": "AL46Xe1WBi85Ntd4mNPvat5ZSsZ2uejiVqoKCypr8J3wK0elA5xJ3AN4G/Q4GIwzUFnggZoH/DBjnr9J18IO/g==",
        "dependencies": {
          "Microsoft.Testing.Platform": "1.9.1"
        }
      },
      "Microsoft.Testing.Platform": {
        "type": "Transitive",
        "resolved": "1.9.1",
        "contentHash": "QafNtNSmEI0zazdebnsIkDKmFtTSpmx/5PLOjURWwozcPb3tvRxzosQSL8xwYNM1iPhhKiBksXZyRSE2COisrA=="
      },
      "Microsoft.Testing.Platform.MSBuild": {
        "type": "Transitive",
        "resolved": "1.9.1",
        "contentHash": "oTUtyR4X/s9ytuiNA29FGsNCCH0rNmY5Wdm14NCKLjTM1cT9edVSlA+rGS/mVmusPqcP0l/x9qOnMXg16v87RQ==",
        "dependencies": {
          "Microsoft.Testing.Platform": "1.9.1"
        }
      },
      "Microsoft.TestPlatform.ObjectModel": {
        "type": "Transitive",
        "resolved": "18.8.1",
        "contentHash": "qLbktNB1+b1XZLNJBTzaWVVJAd6PEzD7cgD406geMb6PcFZhp3EDNa1tctWx1+mtMU6MP/6ozVvFPC9vs2a9rw=="
      },
      "Microsoft.TestPlatform.TestHost": {
        "type": "Transitive",
        "resolved": "18.8.1",
        "contentHash": "FaQHPDTUOcE+SFTjssNPfrub2lT9Zyon4J2W/KLHt/efLJACb1TCeWXyOgh0D/4Q1e4n+S3E6mOKud+9nLZlEA==",
        "dependencies": {
          "Microsoft.TestPlatform.ObjectModel": "18.8.1"
        }
      },
      "Microsoft.Win32.Registry": {
        "type": "Transitive",
        "resolved": "5.0.0",
        "contentHash": "dDoKi0PnDz31yAyETfRntsLArTlVAVzUzCIvvEDsDsucrl33Dl8pIJG06ePTJTI3tGpeyHS9Cq7Foc/s4EeKcg=="
      },
      "SharpGen.Runtime": {
        "type": "Transitive",
        "resolved": "2.4.2-beta",
        "contentHash": "niTtWAUov1F7wZGAlVeEvW+Tnqvg5yTmhI7rxmYu2Utoyu2TbC9tWWpUpMs0PQg5lu5svoYpCAztNjxCqMFP/w=="
      },
      "SharpGen.Runtime.COM": {
        "type": "Transitive",
        "resolved": "2.4.2-beta",
        "contentHash": "9lxDFMiepqo3lJQzMSjECCIONeCc2f3Drokgj6HtrTLZcJSftNgcLbD6/iXYj2iphkwgrZb1oLsDOZxoFZkawQ==",
        "dependencies": {
          "SharpGen.Runtime": "2.4.2-beta"
        }
      },
      "Vortice.DirectX": {
        "type": "Transitive",
        "resolved": "3.8.3",
        "contentHash": "nKwSavv0w5rDF7prSefqAVPDcTyqrfZxKFMVfttiXPfm62VdA/1d+b3PhCZpW4xO7jXczXDwjQdWgD1zGsvM8w==",
        "dependencies": {
          "SharpGen.Runtime": "2.4.2-beta",
          "SharpGen.Runtime.COM": "2.4.2-beta",
          "Vortice.Mathematics": "2.1.0"
        }
      },
      "Vortice.DXGI": {
        "type": "Transitive",
        "resolved": "3.8.3",
        "contentHash": "MbAUnTeQ6WD99ctAdrj5CQO2I7oaax0Kt2eVdWSUj0bYP9Ed0726+s7dIHe4+tqhpmINW/dcPt0mNtc72o+E0w==",
        "dependencies": {
          "SharpGen.Runtime": "2.4.2-beta",
          "Vortice.DirectX": "3.8.3"
        }
      },
      "xunit.analyzers": {
        "type": "Transitive",
        "resolved": "1.27.0",
        "contentHash": "y/pxIQaLvk/kxAoDkZW9GnHLCEqzwl5TW0vtX3pweyQpjizB9y3DXhb9pkw2dGeUqhLjsxvvJM1k89JowU6z3g=="
      },
      "xunit.v3.assert": {
        "type": "Transitive",
        "resolved": "3.2.2",
        "contentHash": "BPciBghgEEaJN/JG00QfCYDfEfnLgQhfnYEy+j1izoeHVNYd5+3Wm8GJ6JgYysOhpBPYGE+sbf75JtrRc7jrdA=="
      },
      "xunit.v3.common": {
        "type": "Transitive",
        "resolved": "3.2.2",
        "contentHash": "Hj775PEH6GTbbg0wfKRvG2hNspDCvTH9irXhH4qIWgdrOSV1sQlqPie+DOvFeigsFg2fxSM3ZAaaCDQs+KreFA==",
        "dependencies": {
          "Microsoft.Bcl.AsyncInterfaces": "6.0.0"
        }
      },
      "xunit.v3.core.mtp-v1": {
        "type": "Transitive",
        "resolved": "3.2.2",
        "contentHash": "Ga5aA2Ca9ktz+5k3g5ukzwfexwoqwDUpV6z7atSEUvqtd6JuybU1XopHqg1oFd78QdTfZgZE9h5sHpO4qYIi5w==",
        "dependencies": {
          "Microsoft.Testing.Extensions.Telemetry": "1.9.1",
          "Microsoft.Testing.Extensions.TrxReport.Abstractions": "1.9.1",
          "Microsoft.Testing.Platform": "1.9.1",
          "Microsoft.Testing.Platform.MSBuild": "1.9.1",
          "xunit.v3.extensibility.core": "[3.2.2]",
          "xunit.v3.runner.inproc.console": "[3.2.2]"
        }
      },
      "xunit.v3.extensibility.core": {
        "type": "Transitive",
        "resolved": "3.2.2",
        "contentHash": "srY8z/oMPvh/t8axtO2DwrHajhFMH7tnqKildvYrVQIfICi8fOn3yIBWkVPAcrKmHMwvXRJ/XsQM3VMR6DOYfQ==",
        "dependencies": {
          "xunit.v3.common": "[3.2.2]"
        }
      },
      "xunit.v3.mtp-v1": {
        "type": "Transitive",
        "resolved": "3.2.2",
        "contentHash": "O41aAzYKBT5PWqATa1oEWVNCyEUypFQ4va6K0kz37dduV3EKzXNMaV2UnEhufzU4Cce1I33gg0oldS8tGL5I0A==",
        "dependencies": {
          "xunit.analyzers": "1.27.0",
          "xunit.v3.assert": "[3.2.2]",
          "xunit.v3.core.mtp-v1": "[3.2.2]"
        }
      },
      "xunit.v3.runner.common": {
        "type": "Transitive",
        "resolved": "3.2.2",
        "contentHash": "/hkHkQCzGrugelOAehprm7RIWdsUFVmIVaD6jDH/8DNGCymTlKKPTbGokD5czbAfqfex47mBP0sb0zbHYwrO/g==",
        "dependencies": {
          "Microsoft.Win32.Registry": "[5.0.0]",
          "xunit.v3.common": "[3.2.2]"
        }
      },
      "xunit.v3.runner.inproc.console": {
        "type": "Transitive",
        "resolved": "3.2.2",
        "contentHash": "ulWOdSvCk+bPXijJZ73bth9NyoOHsAs1ZOvamYbCkD4DNLX/Bd29Ve2ZNUwBbK0MqfIYWXHZViy/HKrdEC/izw==",
        "dependencies": {
          "xunit.v3.extensibility.core": "[3.2.2]",
          "xunit.v3.runner.common": "[3.2.2]"
        }
      },
      "volturaair.host": {
        "type": "Project",
        "dependencies": {
          "Microsoft.Web.WebView2": "[1.0.4129.50, )",
          "QRCoder": "[1.8.0, )",
          "Vortice.D3DCompiler": "[3.8.3, )",
          "Vortice.Direct3D11": "[3.8.3, )",
          "Vortice.Mathematics": "[2.1.1, )",
          "Vortice.MediaFoundation": "[3.8.3, )"
        }
      },
      "Microsoft.Web.WebView2": {
        "type": "CentralTransitive",
        "requested": "[1.0.4129.50, )",
        "resolved": "1.0.4129.50",
        "contentHash": "BuJC70c7SCl8wlvojLZbc/E5ONmGyG3fhAMmpftCpKerxae//TxgKOTELRK2QRD7m7jigNFQRf6cfVT3ZiIQoQ=="
      },
      "QRCoder": {
        "type": "CentralTransitive",
        "requested": "[1.8.0, )",
        "resolved": "1.8.0",
        "contentHash": "RuvX3PEXU6pbY/I5ItAk800jm62r+YnoPLgyS2WTgwxkOnGkOfU9ORiipHUF0LkLyqM8rlroUCA319JjRYfRFQ=="
      },
      "Vortice.D3DCompiler": {
        "type": "CentralTransitive",
        "requested": "[3.8.3, )",
        "resolved": "3.8.3",
        "contentHash": "OmGPMhf/xnD8/HZ0ms1x7xSFyz+6e6mveCqhu0EioMFQYKJM35/ZVLLo+FIB5KpsrlqhM/jvYHYPAxu45YONGg==",
        "dependencies": {
          "SharpGen.Runtime": "2.4.2-beta",
          "Vortice.DirectX": "3.8.3"
        }
      },
      "Vortice.Direct3D11": {
        "type": "CentralTransitive",
        "requested": "[3.8.3, )",
        "resolved": "3.8.3",
        "contentHash": "JgFUswu2mgrSwcd0KRF2AnfeE5VbMEgcicmxPD1g2yXyomPIHbnX3wldBNHPOzzD0URC1WJ/pO1ymfi3imZwvg==",
        "dependencies": {
          "SharpGen.Runtime": "2.4.2-beta",
          "Vortice.DXGI": "3.8.3"
        }
      },
      "Vortice.Mathematics": {
        "type": "CentralTransitive",
        "requested": "[2.1.1, )",
        "resolved": "2.1.1",
        "contentHash": "5hQRSeg4MnVwxVAPuvW49NbCmpJL1CD9q+OLoIPHzOlduQXQrqhdQ8L+RhFdgg1ifIUVjWyhNF2LhyyvAtivkQ=="
      },
      "Vortice.MediaFoundation": {
        "type": "CentralTransitive",
        "requested": "[3.8.3, )",
        "resolved": "3.8.3",
        "contentHash": "TeAN7tKrf1XfUxXe1+fukRvPCTW53DQUxuPR0pZLivuhmLlFCgpvb+EQWfCKENnEwbJnL+OdrHxWn2qUZiYMuA==",
        "dependencies": {
          "SharpGen.Runtime": "2.4.2-beta",
          "Vortice.DirectX": "3.8.3"
        }
      }
    }
  }
}